
Microsoft Visual Studio Solution File, Format Version 11.00
# Visual C++ Express 2010
Project("{8BC9CEB8-8B4A-11D0-8D11-00A0C91BC942}") = "3DVITA", "3DVITA\3DVITA.vcxproj", "{858B50C4-2B02-45A2-8DF0-1052CFD66018}"
EndProject
Global
	GlobalSection(SolutionConfigurationPlatforms) = preSolution
		Debug|Win32 = Debug|Win32
		Release|Win32 = Release|Win32
	EndGlobalSection
	GlobalSection(ProjectConfigurationPlatforms) = postSolution
		{858B50C4-2B02-45A2-8DF0-1052CFD66018}.Debug|Win32.ActiveCfg = Debug|Win32
		{858B50C4-2B02-45A2-8DF0-1052CFD66018}.Debug|Win32.Build.0 = Debug|Win32
		{858B50C4-2B02-45A2-8DF0-1052CFD66018}.Release|Win32.ActiveCfg = Release|Win32
		{858B50C4-2B02-45A2-8DF0-1052CFD66018}.Release|Win32.Build.0 = Release|Win32
	EndGlobalSection
	GlobalSection(SolutionProperties) = preSolution
		HideSolutionNode = FALSE
	EndGlobalSection
EndGlobal
